
Microsoft Visual Studio Solution File, Format Version 12.00
# Visual Studio Version 17
VisualStudioVersion = 17.2.32602.215
MinimumVisualStudioVersion = 10.0.40219.1
Project("{FAE04EC0-301F-11D3-BF4B-00C04F79EFBC}") = "ConsoleAppEFCodeFirst", "ConsoleAppEFCodeFirst\ConsoleAppEFCodeFirst.csproj", "{7C33F9A8-E1E7-4936-9D04-5DF17433FB61}"
EndProject
Global
	GlobalSection(SolutionConfigurationPlatforms) = preSolution
		Debug|Any CPU = Debug|Any CPU
		Release|Any CPU = Release|Any CPU
	EndGlobalSection
	GlobalSection(ProjectConfigurationPlatforms) = postSolution
		{7C33F9A8-E1E7-4936-9D04-5DF17433FB61}.Debug|Any CPU.ActiveCfg = Debug|Any CPU
		{7C33F9A8-E1E7-4936-9D04-5DF17433FB61}.Debug|Any CPU.Build.0 = Debug|Any CPU
		{7C33F9A8-E1E7-4936-9D04-5DF17433FB61}.Release|Any CPU.ActiveCfg = Release|Any CPU
		{7C33F9A8-E1E7-4936-9D04-5DF17433FB61}.Release|Any CPU.Build.0 = Release|Any CPU
	EndGlobalSection
	GlobalSection(SolutionProperties) = preSolution
		HideSolutionNode = FALSE
	EndGlobalSection
	GlobalSection(ExtensibilityGlobals) = postSolution
		SolutionGuid = {39F8D2FC-6471-4019-B791-4C5EC67D3356}
	EndGlobalSection
EndGlobal
