
Microsoft Visual Studio Solution File, Format Version 12.00
# Visual Studio Version 17
VisualStudioVersion = 17.2.32630.192
MinimumVisualStudioVersion = 10.0.40219.1
Project("{FAE04EC0-301F-11D3-BF4B-00C04F79EFBC}") = "ApiWithMongo", "ApiWithMongo\ApiWithMongo.csproj", "{A1E3DD94-FC04-47E1-AD22-94C3053B1F84}"
EndProject
Global
	GlobalSection(SolutionConfigurationPlatforms) = preSolution
		Debug|Any CPU = Debug|Any CPU
		Release|Any CPU = Release|Any CPU
	EndGlobalSection
	GlobalSection(ProjectConfigurationPlatforms) = postSolution
		{A1E3DD94-FC04-47E1-AD22-94C3053B1F84}.Debug|Any CPU.ActiveCfg = Debug|Any CPU
		{A1E3DD94-FC04-47E1-AD22-94C3053B1F84}.Debug|Any CPU.Build.0 = Debug|Any CPU
		{A1E3DD94-FC04-47E1-AD22-94C3053B1F84}.Release|Any CPU.ActiveCfg = Release|Any CPU
		{A1E3DD94-FC04-47E1-AD22-94C3053B1F84}.Release|Any CPU.Build.0 = Release|Any CPU
	EndGlobalSection
	GlobalSection(SolutionProperties) = preSolution
		HideSolutionNode = FALSE
	EndGlobalSection
	GlobalSection(ExtensibilityGlobals) = postSolution
		SolutionGuid = {E993BD99-746C-44F4-84EE-5DC4EF6E5013}
	EndGlobalSection
EndGlobal
